{
  "name": "nexora-hands",
  "version": "0.1.2",
  "lockfileVersion": 3,
  "requires": true,
  "packages": {
    "": {
      "name": "nexora-hands",
      "version": "0.1.2",
      "license": "UNLICENSED",
      "bin": {
        "nexora-hands": "bin/nexora-hands.js"
      },
      "engines": {
        "node": ">=18"
      }
    }
  }
}
